// !$*UTF8*$!
{
	archiveVersion = 1;
	classes = {
	};
	objectVersion = 46;
	objects = {

/* Begin PBXBuildFile section */
		7F53302918E3C0B4006CDA24 /* Foundation.framework in Frameworks */ = {isa = PBXBuildFile; fileRef = 7F53302818E3C0B4006CDA24 /* Foundation.framework */; };
		7F53302B18E3C0B4006CDA24 /* CoreGraphics.framework in Frameworks */ = {isa = PBXBuildFile; fileRef = 7F53302A18E3C0B4006CDA24 /* CoreGraphics.framework */; };
		7F53302D18E3C0B4006CDA24 /* UIKit.framework in Frameworks */ = {isa = PBXBuildFile; fileRef = 7F53302C18E3C0B4006CDA24 /* UIKit.framework */; };
		7F53303318E3C0B4006CDA24 /* InfoPlist.strings in Resources */ = {isa = PBXBuildFile; fileRef = 7F53303118E3C0B4006CDA24 /* InfoPlist.strings */; };
		7F53303518E3C0B4006CDA24 /* main.m in Sources */ = {isa = PBXBuildFile; fileRef = 7F53303418E3C0B4006CDA24 /* main.m */; };
		7F53303918E3C0B4006CDA24 /* EDSAppDelegate.m in Sources */ = {isa = PBXBuildFile; fileRef = 7F53303818E3C0B4006CDA24 /* EDSAppDelegate.m */; };
		7F53303C18E3C0B5006CDA24 /* Main.storyboard in Resources */ = {isa = PBXBuildFile; fileRef = 7F53303A18E3C0B5006CDA24 /* Main.storyboard */; };
		7F53303F18E3C0B5006CDA24 /* EDSViewController.m in Sources */ = {isa = PBXBuildFile; fileRef = 7F53303E18E3C0B5006CDA24 /* EDSViewController.m */; };
		7F53304118E3C0B5006CDA24 /* Images.xcassets in Resources */ = {isa = PBXBuildFile; fileRef = 7F53304018E3C0B5006CDA24 /* Images.xcassets */; };
		7F53304818E3C0B5006CDA24 /* XCTest.framework in Frameworks */ = {isa = PBXBuildFile; fileRef = 7F53304718E3C0B5006CDA24 /* XCTest.framework */; };
		7F53304918E3C0B5006CDA24 /* Foundation.framework in Frameworks */ = {isa = PBXBuildFile; fileRef = 7F53302818E3C0B4006CDA24 /* Foundation.framework */; };
		7F53304A18E3C0B5006CDA24 /* UIKit.framework in Frameworks */ = {isa = PBXBuildFile; fileRef = 7F53302C18E3C0B4006CDA24 /* UIKit.framework */; };
		7F53305218E3C0B5006CDA24 /* InfoPlist.strings in Resources */ = {isa = PBXBuildFile; fileRef = 7F53305018E3C0B5006CDA24 /* InfoPlist.strings */; };
		7F53305418E3C0B5006CDA24 /* MultipleCollectionViewsTests.m in Sources */ = {isa = PBXBuildFile; fileRef = 7F53305318E3C0B5006CDA24 /* MultipleCollectionViewsTests.m */; };
		7F53305F18E3D09D006CDA24 /* EDSCollectionViewCell.m in Sources */ = {isa = PBXBuildFile; fileRef = 7F53305E18E3D09D006CDA24 /* EDSCollectionViewCell.m */; };
/* End PBXBuildFile section */

/* Begin PBXContainerItemProxy section */
		7F53304B18E3C0B5006CDA24 /* PBXContainerItemProxy */ = {
			isa = PBXContainerItemProxy;
			containerPortal = 7F53301D18E3C0B4006CDA24 /* Project object */;
			proxyType = 1;
			remoteGlobalIDString = 7F53302418E3C0B4006CDA24;
			remoteInfo = MultipleCollectionViews;
		};
/* End PBXContainerItemProxy section */

/* Begin PBXFileReference section */
		7F53302518E3C0B4006CDA24 /* MultipleCollectionViews.app */ = {isa = PBXFileReference; explicitFileType = wrapper.application; includeInIndex = 0; path = MultipleCollectionViews.app; sourceTree = BUILT_PRODUCTS_DIR; };
		7F53302818E3C0B4006CDA24 /* Foundation.framework */ = {isa = PBXFileReference; lastKnownFileType = wrapper.framework; name = Foundation.framework; path = System/Library/Frameworks/Foundation.framework; sourceTree = SDKROOT; };
		7F53302A18E3C0B4006CDA24 /* CoreGraphics.framework */ = {isa = PBXFileReference; lastKnownFileType = wrapper.framework; name = CoreGraphics.framework; path = System/Library/Frameworks/CoreGraphics.framework; sourceTree = SDKROOT; };
		7F53302C18E3C0B4006CDA24 /* UIKit.framework */ = {isa = PBXFileReference; lastKnownFileType = wrapper.framework; name = UIKit.framework; path = System/Library/Frameworks/UIKit.framework; sourceTree = SDKROOT; };
		7F53303018E3C0B4006CDA24 /* MultipleCollectionViews-Info.plist */ = {isa = PBXFileReference; lastKnownFileType = text.plist.xml; path = "MultipleCollectionViews-Info.plist"; sourceTree = "<group>"; };
		7F53303218E3C0B4006CDA24 /* en */ = {isa = PBXFileReference; lastKnownFileType = text.plist.strings; name = en; path = en.lproj/InfoPlist.strings; sourceTree = "<group>"; };
		7F53303418E3C0B4006CDA24 /* main.m */ = {isa = PBXFileReference; lastKnownFileType = sourcecode.c.objc; path = main.m; sourceTree = "<group>"; };
		7F53303618E3C0B4006CDA24 /* MultipleCollectionViews-Prefix.pch */ = {isa = PBXFileReference; lastKnownFileType = sourcecode.c.h; path = "MultipleCollectionViews-Prefix.pch"; sourceTree = "<group>"; };
		7F53303718E3C0B4006CDA24 /* EDSAppDelegate.h */ = {isa = PBXFileReference; lastKnownFileType = sourcecode.c.h; path = EDSAppDelegate.h; sourceTree = "<group>"; };
		7F53303818E3C0B4006CDA24 /* EDSAppDelegate.m */ = {isa = PBXFileReference; lastKnownFileType = sourcecode.c.objc; path = EDSAppDelegate.m; sourceTree = "<group>"; };
		7F53303B18E3C0B5006CDA24 /* Base */ = {isa = PBXFileReference; lastKnownFileType = file.storyboard; name = Base; path = Base.lproj/Main.storyboard; sourceTree = "<group>"; };
		7F53303D18E3C0B5006CDA24 /* EDSViewController.h */ = {isa = PBXFileReference; lastKnownFileType = sourcecode.c.h; path = EDSViewController.h; sourceTree = "<group>"; };
		7F53303E18E3C0B5006CDA24 /* EDSViewController.m */ = {isa = PBXFileReference; lastKnownFileType = sourcecode.c.objc; path = EDSViewController.m; sourceTree = "<group>"; };
		7F53304018E3C0B5006CDA24 /* Images.xcassets */ = {isa = PBXFileReference; lastKnownFileType = folder.assetcatalog; path = Images.xcassets; sourceTree = "<group>"; };
		7F53304618E3C0B5006CDA24 /* MultipleCollectionViewsTests.xctest */ = {isa = PBXFileReference; explicitFileType = wrapper.cfbundle; includeInIndex = 0; path = MultipleCollectionViewsTests.xctest; sourceTree = BUILT_PRODUCTS_DIR; };
		7F53304718E3C0B5006CDA24 /* XCTest.framework */ = {isa = PBXFileReference; lastKnownFileType = wrapper.framework; name = XCTest.framework; path = Library/Frameworks/XCTest.framework; sourceTree = DEVELOPER_DIR; };
		7F53304F18E3C0B5006CDA24 /* MultipleCollectionViewsTests-Info.plist */ = {isa = PBXFileReference; lastKnownFileType = text.plist.xml; path = "MultipleCollectionViewsTests-Info.plist"; sourceTree = "<group>"; };
		7F53305118E3C0B5006CDA24 /* en */ = {isa = PBXFileReference; lastKnownFileType = text.plist.strings; name = en; path = en.lproj/InfoPlist.strings; sourceTree = "<group>"; };
		7F53305318E3C0B5006CDA24 /* MultipleCollectionViewsTests.m */ = {isa = PBXFileReference; lastKnownFileType = sourcecode.c.objc; path = MultipleCollectionViewsTests.m; sourceTree = "<group>"; };
		7F53305D18E3D09D006CDA24 /* EDSCollectionViewCell.h */ = {isa = PBXFileReference; fileEncoding = 4; lastKnownFileType = sourcecode.c.h; path = EDSCollectionViewCell.h; sourceTree = "<group>"; };
		7F53305E18E3D09D006CDA24 /* EDSCollectionViewCell.m */ = {isa = PBXFileReference; fileEncoding = 4; lastKnownFileType = sourcecode.c.objc; path = EDSCollectionViewCell.m; sourceTree = "<group>"; };
/* End PBXFileReference section */

/* Begin PBXFrameworksBuildPhase section */
		7F53302218E3C0B4006CDA24 /* Frameworks */ = {
			isa = PBXFrameworksBuildPhase;
			buildActionMask = 2147483647;
			files = (
				7F53302B18E3C0B4006CDA24 /* CoreGraphics.framework in Frameworks */,
				7F53302D18E3C0B4006CDA24 /* UIKit.framework in Frameworks */,
				7F53302918E3C0B4006CDA24 /* Foundation.framework in Frameworks */,
			);
			runOnlyForDeploymentPostprocessing = 0;
		};
		7F53304318E3C0B5006CDA24 /* Frameworks */ = {
			isa = PBXFrameworksBuildPhase;
			buildActionMask = 2147483647;
			files = (
				7F53304818E3C0B5006CDA24 /* XCTest.framework in Frameworks */,
				7F53304A18E3C0B5006CDA24 /* UIKit.framework in Frameworks */,
				7F53304918E3C0B5006CDA24 /* Foundation.framework in Frameworks */,
			);
			runOnlyForDeploymentPostprocessing = 0;
		};
/* End PBXFrameworksBuildPhase section */

/* Begin PBXGroup section */
		7F53301C18E3C0B4006CDA24 = {
			isa = PBXGroup;
			children = (
				7F53302E18E3C0B4006CDA24 /* MultipleCollectionViews */,
				7F53304D18E3C0B5006CDA24 /* MultipleCollectionViewsTests */,
				7F53302718E3C0B4006CDA24 /* Frameworks */,
				7F53302618E3C0B4006CDA24 /* Products */,
			);
			sourceTree = "<group>";
		};
		7F53302618E3C0B4006CDA24 /* Products */ = {
			isa = PBXGroup;
			children = (
				7F53302518E3C0B4006CDA24 /* MultipleCollectionViews.app */,
				7F53304618E3C0B5006CDA24 /* MultipleCollectionViewsTests.xctest */,
			);
			name = Products;
			sourceTree = "<group>";
		};
		7F53302718E3C0B4006CDA24 /* Frameworks */ = {
			isa = PBXGroup;
			children = (
				7F53302818E3C0B4006CDA24 /* Foundation.framework */,
				7F53302A18E3C0B4006CDA24 /* CoreGraphics.framework */,
				7F53302C18E3C0B4006CDA24 /* UIKit.framework */,
				7F53304718E3C0B5006CDA24 /* XCTest.framework */,
			);
			name = Frameworks;
			sourceTree = "<group>";
		};
		7F53302E18E3C0B4006CDA24 /* MultipleCollectionViews */ = {
			isa = PBXGroup;
			children = (
				7F53303718E3C0B4006CDA24 /* EDSAppDelegate.h */,
				7F53303818E3C0B4006CDA24 /* EDSAppDelegate.m */,
				7F53303A18E3C0B5006CDA24 /* Main.storyboard */,
				7F53303D18E3C0B5006CDA24 /* EDSViewController.h */,
				7F53303E18E3C0B5006CDA24 /* EDSViewController.m */,
				7F53304018E3C0B5006CDA24 /* Images.xcassets */,
				7F53302F18E3C0B4006CDA24 /* Supporting Files */,
				7F53305D18E3D09D006CDA24 /* EDSCollectionViewCell.h */,
				7F53305E18E3D09D006CDA24 /* EDSCollectionViewCell.m */,
			);
			path = MultipleCollectionViews;
			sourceTree = "<group>";
		};
		7F53302F18E3C0B4006CDA24 /* Supporting Files */ = {
			isa = PBXGroup;
			children = (
				7F53303018E3C0B4006CDA24 /* MultipleCollectionViews-Info.plist */,
				7F53303118E3C0B4006CDA24 /* InfoPlist.strings */,
				7F53303418E3C0B4006CDA24 /* main.m */,
				7F53303618E3C0B4006CDA24 /* MultipleCollectionViews-Prefix.pch */,
			);
			name = "Supporting Files";
			sourceTree = "<group>";
		};
		7F53304D18E3C0B5006CDA24 /* MultipleCollectionViewsTests */ = {
			isa = PBXGroup;
			children = (
				7F53305318E3C0B5006CDA24 /* MultipleCollectionViewsTests.m */,
				7F53304E18E3C0B5006CDA24 /* Supporting Files */,
			);
			path = MultipleCollectionViewsTests;
			sourceTree = "<group>";
		};
		7F53304E18E3C0B5006CDA24 /* Supporting Files */ = {
			isa = PBXGroup;
			children = (
				7F53304F18E3C0B5006CDA24 /* MultipleCollectionViewsTests-Info.plist */,
				7F53305018E3C0B5006CDA24 /* InfoPlist.strings */,
			);
			name = "Supporting Files";
			sourceTree = "<group>";
		};
/* End PBXGroup section */

/* Begin PBXNativeTarget section */
		7F53302418E3C0B4006CDA24 /* MultipleCollectionViews */ = {
			isa = PBXNativeTarget;
			buildConfigurationList = 7F53305718E3C0B5006CDA24 /* Build configuration list for PBXNativeTarget "MultipleCollectionViews" */;
			buildPhases = (
				7F53302118E3C0B4006CDA24 /* Sources */,
				7F53302218E3C0B4006CDA24 /* Frameworks */,
				7F53302318E3C0B4006CDA24 /* Resources */,
			);
			buildRules = (
			);
			dependencies = (
			);
			name = MultipleCollectionViews;
			productName = MultipleCollectionViews;
			productReference = 7F53302518E3C0B4006CDA24 /* MultipleCollectionViews.app */;
			productType = "com.apple.product-type.application";
		};
		7F53304518E3C0B5006CDA24 /* MultipleCollectionViewsTests */ = {
			isa = PBXNativeTarget;
			buildConfigurationList = 7F53305A18E3C0B5006CDA24 /* Build configuration list for PBXNativeTarget "MultipleCollectionViewsTests" */;
			buildPhases = (
				7F53304218E3C0B5006CDA24 /* Sources */,
				7F53304318E3C0B5006CDA24 /* Frameworks */,
				7F53304418E3C0B5006CDA24 /* Resources */,
			);
			buildRules = (
			);
			dependencies = (
				7F53304C18E3C0B5006CDA24 /* PBXTargetDependency */,
			);
			name = MultipleCollectionViewsTests;
			productName = MultipleCollectionViewsTests;
			productReference = 7F53304618E3C0B5006CDA24 /* MultipleCollectionViewsTests.xctest */;
			productType = "com.apple.product-type.bundle.unit-test";
		};
/* End PBXNativeTarget section */

/* Begin PBXProject section */
		7F53301D18E3C0B4006CDA24 /* Project object */ = {
			isa = PBXProject;
			attributes = {
				CLASSPREFIX = EDS;
				LastUpgradeCheck = 0510;
				ORGANIZATIONNAME = edsancha;
				TargetAttributes = {
					7F53304518E3C0B5006CDA24 = {
						TestTargetID = 7F53302418E3C0B4006CDA24;
					};
				};
			};
			buildConfigurationList = 7F53302018E3C0B4006CDA24 /* Build configuration list for PBXProject "MultipleCollectionViews" */;
			compatibilityVersion = "Xcode 3.2";
			developmentRegion = English;
			hasScannedForEncodings = 0;
			knownRegions = (
				en,
				Base,
			);
			mainGroup = 7F53301C18E3C0B4006CDA24;
			productRefGroup = 7F53302618E3C0B4006CDA24 /* Products */;
			projectDirPath = "";
			projectRoot = "";
			targets = (
				7F53302418E3C0B4006CDA24 /* MultipleCollectionViews */,
				7F53304518E3C0B5006CDA24 /* MultipleCollectionViewsTests */,
			);
		};
/* End PBXProject section */

/* Begin PBXResourcesBuildPhase section */
		7F53302318E3C0B4006CDA24 /* Resources */ = {
			isa = PBXResourcesBuildPhase;
			buildActionMask = 2147483647;
			files = (
				7F53304118E3C0B5006CDA24 /* Images.xcassets in Resources */,
				7F53303318E3C0B4006CDA24 /* InfoPlist.strings in Resources */,
				7F53303C18E3C0B5006CDA24 /* Main.storyboard in Resources */,
			);
			runOnlyForDeploymentPostprocessing = 0;
		};
		7F53304418E3C0B5006CDA24 /* Resources */ = {
			isa = PBXResourcesBuildPhase;
			buildActionMask = 2147483647;
			files = (
				7F53305218E3C0B5006CDA24 /* InfoPlist.strings in Resources */,
			);
			runOnlyForDeploymentPostprocessing = 0;
		};
/* End PBXResourcesBuildPhase section */

/* Begin PBXSourcesBuildPhase section */
		7F53302118E3C0B4006CDA24 /* Sources */ = {
			isa = PBXSourcesBuildPhase;
			buildActionMask = 2147483647;
			files = (
				7F53303F18E3C0B5006CDA24 /* EDSViewController.m in Sources */,
				7F53305F18E3D09D006CDA24 /* EDSCollectionViewCell.m in Sources */,
				7F53303518E3C0B4006CDA24 /* main.m in Sources */,
				7F53303918E3C0B4006CDA24 /* EDSAppDelegate.m in Sources */,
			);
			runOnlyForDeploymentPostprocessing = 0;
		};
		7F53304218E3C0B5006CDA24 /* Sources */ = {
			isa = PBXSourcesBuildPhase;
			buildActionMask = 2147483647;
			files = (
				7F53305418E3C0B5006CDA24 /* MultipleCollectionViewsTests.m in Sources */,
			);
			runOnlyForDeploymentPostprocessing = 0;
		};
/* End PBXSourcesBuildPhase section */

/* Begin PBXTargetDependency section */
		7F53304C18E3C0B5006CDA24 /* PBXTargetDependency */ = {
			isa = PBXTargetDependency;
			target = 7F53302418E3C0B4006CDA24 /* MultipleCollectionViews */;
			targetProxy = 7F53304B18E3C0B5006CDA24 /* PBXContainerItemProxy */;
		};
/* End PBXTargetDependency section */

/* Begin PBXVariantGroup section */
		7F53303118E3C0B4006CDA24 /* InfoPlist.strings */ = {
			isa = PBXVariantGroup;
			children = (
				7F53303218E3C0B4006CDA24 /* en */,
			);
			name = InfoPlist.strings;
			sourceTree = "<group>";
		};
		7F53303A18E3C0B5006CDA24 /* Main.storyboard */ = {
			isa = PBXVariantGroup;
			children = (
				7F53303B18E3C0B5006CDA24 /* Base */,
			);
			name = Main.storyboard;
			sourceTree = "<group>";
		};
		7F53305018E3C0B5006CDA24 /* InfoPlist.strings */ = {
			isa = PBXVariantGroup;
			children = (
				7F53305118E3C0B5006CDA24 /* en */,
			);
			name = InfoPlist.strings;
			sourceTree = "<group>";
		};
/* End PBXVariantGroup section */

/* Begin XCBuildConfiguration section */
		7F53305518E3C0B5006CDA24 /* Debug */ = {
			isa = XCBuildConfiguration;
			buildSettings = {
				ALWAYS_SEARCH_USER_PATHS = NO;
				CLANG_CXX_LANGUAGE_STANDARD = "gnu++0x";
				CLANG_CXX_LIBRARY = "libc++";
				CLANG_ENABLE_MODULES = YES;
				CLANG_ENABLE_OBJC_ARC = YES;
				CLANG_WARN_BOOL_CONVERSION = YES;
				CLANG_WARN_CONSTANT_CONVERSION = YES;
				CLANG_WARN_DIRECT_OBJC_ISA_USAGE = YES_ERROR;
				CLANG_WARN_EMPTY_BODY = YES;
				CLANG_WARN_ENUM_CONVERSION = YES;
				CLANG_WARN_INT_CONVERSION = YES;
				CLANG_WARN_OBJC_ROOT_CLASS = YES_ERROR;
				CLANG_WARN__DUPLICATE_METHOD_MATCH = YES;
				"CODE_SIGN_IDENTITY[sdk=iphoneos*]" = "iPhone Developer";
				COPY_PHASE_STRIP = NO;
				GCC_C_LANGUAGE_STANDARD = gnu99;
				GCC_DYNAMIC_NO_PIC = NO;
				GCC_OPTIMIZATION_LEVEL = 0;
				GCC_PREPROCESSOR_DEFINITIONS = (
					"DEBUG=1",
					"$(inherited)",
				);
				GCC_SYMBOLS_PRIVATE_EXTERN = NO;
				GCC_WARN_64_TO_32_BIT_CONVERSION = YES;
				GCC_WARN_ABOUT_RETURN_TYPE = YES_ERROR;
				GCC_WARN_UNDECLARED_SELECTOR = YES;
				GCC_WARN_UNINITIALIZED_AUTOS = YES_AGGRESSIVE;
				GCC_WARN_UNUSED_FUNCTION = YES;
				GCC_WARN_UNUSED_VARIABLE = YES;
				IPHONEOS_DEPLOYMENT_TARGET = 7.1;
				ONLY_ACTIVE_ARCH = YES;
				SDKROOT = iphoneos;
				TARGETED_DEVICE_FAMILY = 2;
			};
			name = Debug;
		};
		7F53305618E3C0B5006CDA24 /* Release */ = {
			isa = XCBuildConfiguration;
			buildSettings = {
				ALWAYS_SEARCH_USER_PATHS = NO;
				CLANG_CXX_LANGUAGE_STANDARD = "gnu++0x";
				CLANG_CXX_LIBRARY = "libc++";
				CLANG_ENABLE_MODULES = YES;
				CLANG_ENABLE_OBJC_ARC = YES;
				CLANG_WARN_BOOL_CONVERSION = YES;
				CLANG_WARN_CONSTANT_CONVERSION = YES;
				CLANG_WARN_DIRECT_OBJC_ISA_USAGE = YES_ERROR;
				CLANG_WARN_EMPTY_BODY = YES;
				CLANG_WARN_ENUM_CONVERSION = YES;
				CLANG_WARN_INT_CONVERSION = YES;
				CLANG_WARN_OBJC_ROOT_CLASS = YES_ERROR;
				CLANG_WARN__DUPLICATE_METHOD_MATCH = YES;
				"CODE_SIGN_IDENTITY[sdk=iphoneos*]" = "iPhone Developer";
				COPY_PHASE_STRIP = YES;
				ENABLE_NS_ASSERTIONS = NO;
				GCC_C_LANGUAGE_STANDARD = gnu99;
				GCC_WARN_64_TO_32_BIT_CONVERSION = YES;
				GCC_WARN_ABOUT_RETURN_TYPE = YES_ERROR;
				GCC_WARN_UNDECLARED_SELECTOR = YES;
				GCC_WARN_UNINITIALIZED_AUTOS = YES_AGGRESSIVE;
				GCC_WARN_UNUSED_FUNCTION = YES;
				GCC_WARN_UNUSED_VARIABLE = YES;
				IPHONEOS_DEPLOYMENT_TARGET = 7.1;
				SDKROOT = iphoneos;
				TARGETED_DEVICE_FAMILY = 2;
				VALIDATE_PRODUCT = YES;
			};
			name = Release;
		};
		7F53305818E3C0B5006CDA24 /* Debug */ = {
			isa = XCBuildConfiguration;
			buildSettings = {
				ASSETCATALOG_COMPILER_APPICON_NAME = AppIcon;
				ASSETCATALOG_COMPILER_LAUNCHIMAGE_NAME = LaunchImage;
				CODE_SIGN_IDENTITY = "";
				"CODE_SIGN_IDENTITY[sdk=iphoneos*]" = "";
				GCC_PRECOMPILE_PREFIX_HEADER = YES;
				GCC_PREFIX_HEADER = "MultipleCollectionViews/MultipleCollectionViews-Prefix.pch";
				INFOPLIST_FILE = "MultipleCollectionViews/MultipleCollectionViews-Info.plist";
				IPHONEOS_DEPLOYMENT_TARGET = 7.0;
				PRODUCT_NAME = "$(TARGET_NAME)";
				PROVISIONING_PROFILE = "1ECB92B0-F3BF-4A25-9F51-A0503D590F77";
				WRAPPER_EXTENSION = app;
			};
			name = Debug;
		};
		7F53305918E3C0B5006CDA24 /* Release */ = {
			isa = XCBuildConfiguration;
			buildSettings = {
				ASSETCATALOG_COMPILER_APPICON_NAME = AppIcon;
				ASSETCATALOG_COMPILER_LAUNCHIMAGE_NAME = LaunchImage;
				CODE_SIGN_IDENTITY = "iPhone Developer: Eduardo Diaz (4V822266EN)";
				"CODE_SIGN_IDENTITY[sdk=iphoneos*]" = "";
				GCC_PRECOMPILE_PREFIX_HEADER = YES;
				GCC_PREFIX_HEADER = "MultipleCollectionViews/MultipleCollectionViews-Prefix.pch";
				INFOPLIST_FILE = "MultipleCollectionViews/MultipleCollectionViews-Info.plist";
				IPHONEOS_DEPLOYMENT_TARGET = 7.0;
				PRODUCT_NAME = "$(TARGET_NAME)";
				PROVISIONING_PROFILE = "54C6EB23-E34D-4A06-B223-2C6E25AF77D5";
				WRAPPER_EXTENSION = app;
			};
			name = Release;
		};
		7F53305B18E3C0B5006CDA24 /* Debug */ = {
			isa = XCBuildConfiguration;
			buildSettings = {
				BUNDLE_LOADER = "$(BUILT_PRODUCTS_DIR)/MultipleCollectionViews.app/MultipleCollectionViews";
				FRAMEWORK_SEARCH_PATHS = (
					"$(SDKROOT)/Developer/Library/Frameworks",
					"$(inherited)",
					"$(DEVELOPER_FRAMEWORKS_DIR)",
				);
				GCC_PRECOMPILE_PREFIX_HEADER = YES;
				GCC_PREFIX_HEADER = "MultipleCollectionViews/MultipleCollectionViews-Prefix.pch";
				GCC_PREPROCESSOR_DEFINITIONS = (
					"DEBUG=1",
					"$(inherited)",
				);
				INFOPLIST_FILE = "MultipleCollectionViewsTests/MultipleCollectionViewsTests-Info.plist";
				PRODUCT_NAME = "$(TARGET_NAME)";
				TEST_HOST = "$(BUNDLE_LOADER)";
				WRAPPER_EXTENSION = xctest;
			};
			name = Debug;
		};
		7F53305C18E3C0B5006CDA24 /* Release */ = {
			isa = XCBuildConfiguration;
			buildSettings = {
				BUNDLE_LOADER = "$(BUILT_PRODUCTS_DIR)/MultipleCollectionViews.app/MultipleCollectionViews";
				FRAMEWORK_SEARCH_PATHS = (
					"$(SDKROOT)/Developer/Library/Frameworks",
					"$(inherited)",
					"$(DEVELOPER_FRAMEWORKS_DIR)",
				);
				GCC_PRECOMPILE_PREFIX_HEADER = YES;
				GCC_PREFIX_HEADER = "MultipleCollectionViews/MultipleCollectionViews-Prefix.pch";
				INFOPLIST_FILE = "MultipleCollectionViewsTests/MultipleCollectionViewsTests-Info.plist";
				PRODUCT_NAME = "$(TARGET_NAME)";
				TEST_HOST = "$(BUNDLE_LOADER)";
				WRAPPER_EXTENSION = xctest;
			};
			name = Release;
		};
/* End XCBuildConfiguration section */

/* Begin XCConfigurationList section */
		7F53302018E3C0B4006CDA24 /* Build configuration list for PBXProject "MultipleCollectionViews" */ = {
			isa = XCConfigurationList;
			buildConfigurations = (
				7F53305518E3C0B5006CDA24 /* Debug */,
				7F53305618E3C0B5006CDA24 /* Release */,
			);
			defaultConfigurationIsVisible = 0;
			defaultConfigurationName = Release;
		};
		7F53305718E3C0B5006CDA24 /* Build configuration list for PBXNativeTarget "MultipleCollectionViews" */ = {
			isa = XCConfigurationList;
			buildConfigurations = (
				7F53305818E3C0B5006CDA24 /* Debug */,
				7F53305918E3C0B5006CDA24 /* Release */,
			);
			defaultConfigurationIsVisible = 0;
			defaultConfigurationName = Release;
		};
		7F53305A18E3C0B5006CDA24 /* Build configuration list for PBXNativeTarget "MultipleCollectionViewsTests" */ = {
			isa = XCConfigurationList;
			buildConfigurations = (
				7F53305B18E3C0B5006CDA24 /* Debug */,
				7F53305C18E3C0B5006CDA24 /* Release */,
			);
			defaultConfigurationIsVisible = 0;
			defaultConfigurationName = Release;
		};
/* End XCConfigurationList section */
	};
	rootObject = 7F53301D18E3C0B4006CDA24 /* Project object */;
}
